
Microsoft Visual Studio Solution File, Format Version 12.00
# Visual Studio Version 17
VisualStudioVersion = 17.10.35013.160
MinimumVisualStudioVersion = 10.0.40219.1
Project("{FAE04EC0-301F-11D3-BF4B-00C04F79EFBC}") = "NumerinhoSecretinho", "NumerinhoSecretinho\NumerinhoSecretinho.csproj", "{EC1F57A8-09C2-45A4-812B-A9277805D751}"
EndProject
Global
	GlobalSection(SolutionConfigurationPlatforms) = preSolution
		Debug|Any CPU = Debug|Any CPU
		Release|Any CPU = Release|Any CPU
	EndGlobalSection
	GlobalSection(ProjectConfigurationPlatforms) = postSolution
		{EC1F57A8-09C2-45A4-812B-A9277805D751}.Debug|Any CPU.ActiveCfg = Debug|Any CPU
		{EC1F57A8-09C2-45A4-812B-A9277805D751}.Debug|Any CPU.Build.0 = Debug|Any CPU
		{EC1F57A8-09C2-45A4-812B-A9277805D751}.Release|Any CPU.ActiveCfg = Release|Any CPU
		{EC1F57A8-09C2-45A4-812B-A9277805D751}.Release|Any CPU.Build.0 = Release|Any CPU
	EndGlobalSection
	GlobalSection(SolutionProperties) = preSolution
		HideSolutionNode = FALSE
	EndGlobalSection
	GlobalSection(ExtensibilityGlobals) = postSolution
		SolutionGuid = {311E4244-3EF7-4E29-A24C-DA5405BDB529}
	EndGlobalSection
EndGlobal
